// !$*UTF8*$!
{
	archiveVersion = 1;
	classes = {
	};
	objectVersion = 48;
	objects = {

/* Begin PBXBuildFile section */
		1FFBA1BB1FA3252600333239 /* AppDelegate.swift in Sources */ = {isa = PBXBuildFile; fileRef = 1FFBA1BA1FA3252600333239 /* AppDelegate.swift */; };
		1FFBA1BD1FA3252600333239 /* ViewController.swift in Sources */ = {isa = PBXBuildFile; fileRef = 1FFBA1BC1FA3252600333239 /* ViewController.swift */; };
		1FFBA1C01FA3252600333239 /* Main.storyboard in Resources */ = {isa = PBXBuildFile; fileRef = 1FFBA1BE1FA3252600333239 /* Main.storyboard */; };
		1FFBA1C21FA3252600333239 /* Assets.xcassets in Resources */ = {isa = PBXBuildFile; fileRef = 1FFBA1C11FA3252600333239 /* Assets.xcassets */; };
		1FFBA1C51FA3252600333239 /* LaunchScreen.storyboard in Resources */ = {isa = PBXBuildFile; fileRef = 1FFBA1C31FA3252600333239 /* LaunchScreen.storyboard */; };
		1FFBA1D01FA3252600333239 /* PokedexTests.swift in Sources */ = {isa = PBXBuildFile; fileRef = 1FFBA1CF1FA3252600333239 /* PokedexTests.swift */; };
		1FFBA1DB1FA3252700333239 /* PokedexUITests.swift in Sources */ = {isa = PBXBuildFile; fileRef = 1FFBA1DA1FA3252700333239 /* PokedexUITests.swift */; };
		1FFBA1E91FA328B700333239 /* pokemon.csv in Resources */ = {isa = PBXBuildFile; fileRef = 1FFBA1E81FA328B700333239 /* pokemon.csv */; };
/* End PBXBuildFile section */

/* Begin PBXContainerItemProxy section */
		1FFBA1CC1FA3252600333239 /* PBXContainerItemProxy */ = {
			isa = PBXContainerItemProxy;
			containerPortal = 1FFBA1AF1FA3252600333239 /* Project object */;
			proxyType = 1;
			remoteGlobalIDString = 1FFBA1B61FA3252600333239;
			remoteInfo = Pokedex;
		};
		1FFBA1D71FA3252700333239 /* PBXContainerItemProxy */ = {
			isa = PBXContainerItemProxy;
			containerPortal = 1FFBA1AF1FA3252600333239 /* Project object */;
			proxyType = 1;
			remoteGlobalIDString = 1FFBA1B61FA3252600333239;
			remoteInfo = Pokedex;
		};
/* End PBXContainerItemProxy section */

/* Begin PBXFileReference section */
		1FFBA1B71FA3252600333239 /* Pokedex.app */ = {isa = PBXFileReference; explicitFileType = wrapper.application; includeInIndex = 0; path = Pokedex.app; sourceTree = BUILT_PRODUCTS_DIR; };
		1FFBA1BA1FA3252600333239 /* AppDelegate.swift */ = {isa = PBXFileReference; lastKnownFileType = sourcecode.swift; path = AppDelegate.swift; sourceTree = "<group>"; };
		1FFBA1BC1FA3252600333239 /* ViewController.swift */ = {isa = PBXFileReference; lastKnownFileType = sourcecode.swift; path = ViewController.swift; sourceTree = "<group>"; };
		1FFBA1BF1FA3252600333239 /* Base */ = {isa = PBXFileReference; lastKnownFileType = file.storyboard; name = Base; path = Base.lproj/Main.storyboard; sourceTree = "<group>"; };
		1FFBA1C11FA3252600333239 /* Assets.xcassets */ = {isa = PBXFileReference; lastKnownFileType = folder.assetcatalog; path = Assets.xcassets; sourceTree = "<group>"; };
		1FFBA1C41FA3252600333239 /* Base */ = {isa = PBXFileReference; lastKnownFileType = file.storyboard; name = Base; path = Base.lproj/LaunchScreen.storyboard; sourceTree = "<group>"; };
		1FFBA1C61FA3252600333239 /* Info.plist */ = {isa = PBXFileReference; lastKnownFileType = text.plist.xml; path = Info.plist; sourceTree = "<group>"; };
		1FFBA1CB1FA3252600333239 /* PokedexTests.xctest */ = {isa = PBXFileReference; explicitFileType = wrapper.cfbundle; includeInIndex = 0; path = PokedexTests.xctest; sourceTree = BUILT_PRODUCTS_DIR; };
		1FFBA1CF1FA3252600333239 /* PokedexTests.swift */ = {isa = PBXFileReference; lastKnownFileType = sourcecode.swift; path = PokedexTests.swift; sourceTree = "<group>"; };
		1FFBA1D11FA3252600333239 /* Info.plist */ = {isa = PBXFileReference; lastKnownFileType = text.plist.xml; path = Info.plist; sourceTree = "<group>"; };
		1FFBA1D61FA3252700333239 /* PokedexUITests.xctest */ = {isa = PBXFileReference; explicitFileType = wrapper.cfbundle; includeInIndex = 0; path = PokedexUITests.xctest; sourceTree = BUILT_PRODUCTS_DIR; };
		1FFBA1DA1FA3252700333239 /* PokedexUITests.swift */ = {isa = PBXFileReference; lastKnownFileType = sourcecode.swift; path = PokedexUITests.swift; sourceTree = "<group>"; };
		1FFBA1DC1FA3252700333239 /* Info.plist */ = {isa = PBXFileReference; lastKnownFileType = text.plist.xml; path = Info.plist; sourceTree = "<group>"; };
		1FFBA1E81FA328B700333239 /* pokemon.csv */ = {isa = PBXFileReference; fileEncoding = 4; lastKnownFileType = text; name = pokemon.csv; path = "../../../pokeapi-master/data/v1/pokemon.csv"; sourceTree = "<group>"; };
/* End PBXFileReference section */

/* Begin PBXFrameworksBuildPhase section */
		1FFBA1B41FA3252600333239 /* Frameworks */ = {
			isa = PBXFrameworksBuildPhase;
			buildActionMask = 2147483647;
			files = (
			);
			runOnlyForDeploymentPostprocessing = 0;
		};
		1FFBA1C81FA3252600333239 /* Frameworks */ = {
			isa = PBXFrameworksBuildPhase;
			buildActionMask = 2147483647;
			files = (
			);
			runOnlyForDeploymentPostprocessing = 0;
		};
		1FFBA1D31FA3252700333239 /* Frameworks */ = {
			isa = PBXFrameworksBuildPhase;
			buildActionMask = 2147483647;
			files = (
			);
			runOnlyForDeploymentPostprocessing = 0;
		};
/* End PBXFrameworksBuildPhase section */

/* Begin PBXGroup section */
		1FFBA1AE1FA3252600333239 = {
			isa = PBXGroup;
			children = (
				1FFBA1B91FA3252600333239 /* Pokedex */,
				1FFBA1CE1FA3252600333239 /* PokedexTests */,
				1FFBA1D91FA3252700333239 /* PokedexUITests */,
				1FFBA1B81FA3252600333239 /* Products */,
			);
			sourceTree = "<group>";
		};
		1FFBA1B81FA3252600333239 /* Products */ = {
			isa = PBXGroup;
			children = (
				1FFBA1B71FA3252600333239 /* Pokedex.app */,
				1FFBA1CB1FA3252600333239 /* PokedexTests.xctest */,
				1FFBA1D61FA3252700333239 /* PokedexUITests.xctest */,
			);
			name = Products;
			sourceTree = "<group>";
		};
		1FFBA1B91FA3252600333239 /* Pokedex */ = {
			isa = PBXGroup;
			children = (
				1FFBA1BA1FA3252600333239 /* AppDelegate.swift */,
				1FFBA1BC1FA3252600333239 /* ViewController.swift */,
				1FFBA1BE1FA3252600333239 /* Main.storyboard */,
				1FFBA1C11FA3252600333239 /* Assets.xcassets */,
				1FFBA1E81FA328B700333239 /* pokemon.csv */,
				1FFBA1C31FA3252600333239 /* LaunchScreen.storyboard */,
				1FFBA1C61FA3252600333239 /* Info.plist */,
			);
			path = Pokedex;
			sourceTree = "<group>";
		};
		1FFBA1CE1FA3252600333239 /* PokedexTests */ = {
			isa = PBXGroup;
			children = (
				1FFBA1CF1FA3252600333239 /* PokedexTests.swift */,
				1FFBA1D11FA3252600333239 /* Info.plist */,
			);
			path = PokedexTests;
			sourceTree = "<group>";
		};
		1FFBA1D91FA3252700333239 /* PokedexUITests */ = {
			isa = PBXGroup;
			children = (
				1FFBA1DA1FA3252700333239 /* PokedexUITests.swift */,
				1FFBA1DC1FA3252700333239 /* Info.plist */,
			);
			path = PokedexUITests;
			sourceTree = "<group>";
		};
/* End PBXGroup section */

/* Begin PBXNativeTarget section */
		1FFBA1B61FA3252600333239 /* Pokedex */ = {
			isa = PBXNativeTarget;
			buildConfigurationList = 1FFBA1DF1FA3252700333239 /* Build configuration list for PBXNativeTarget "Pokedex" */;
			buildPhases = (
				1FFBA1B31FA3252600333239 /* Sources */,
				1FFBA1B41FA3252600333239 /* Frameworks */,
				1FFBA1B51FA3252600333239 /* Resources */,
			);
			buildRules = (
			);
			dependencies = (
			);
			name = Pokedex;
			productName = Pokedex;
			productReference = 1FFBA1B71FA3252600333239 /* Pokedex.app */;
			productType = "com.apple.product-type.application";
		};
		1FFBA1CA1FA3252600333239 /* PokedexTests */ = {
			isa = PBXNativeTarget;
			buildConfigurationList = 1FFBA1E21FA3252700333239 /* Build configuration list for PBXNativeTarget "PokedexTests" */;
			buildPhases = (
				1FFBA1C71FA3252600333239 /* Sources */,
				1FFBA1C81FA3252600333239 /* Frameworks */,
				1FFBA1C91FA3252600333239 /* Resources */,
			);
			buildRules = (
			);
			dependencies = (
				1FFBA1CD1FA3252600333239 /* PBXTargetDependency */,
			);
			name = PokedexTests;
			productName = PokedexTests;
			productReference = 1FFBA1CB1FA3252600333239 /* PokedexTests.xctest */;
			productType = "com.apple.product-type.bundle.unit-test";
		};
		1FFBA1D51FA3252700333239 /* PokedexUITests */ = {
			isa = PBXNativeTarget;
			buildConfigurationList = 1FFBA1E51FA3252700333239 /* Build configuration list for PBXNativeTarget "PokedexUITests" */;
			buildPhases = (
				1FFBA1D21FA3252700333239 /* Sources */,
				1FFBA1D31FA3252700333239 /* Frameworks */,
				1FFBA1D41FA3252700333239 /* Resources */,
			);
			buildRules = (
			);
			dependencies = (
				1FFBA1D81FA3252700333239 /* PBXTargetDependency */,
			);
			name = PokedexUITests;
			productName = PokedexUITests;
			productReference = 1FFBA1D61FA3252700333239 /* PokedexUITests.xctest */;
			productType = "com.apple.product-type.bundle.ui-testing";
		};
/* End PBXNativeTarget section */

/* Begin PBXProject section */
		1FFBA1AF1FA3252600333239 /* Project object */ = {
			isa = PBXProject;
			attributes = {
				LastSwiftUpdateCheck = 0900;
				LastUpgradeCheck = 0900;
				ORGANIZATIONNAME = "Erik Vardanyan";
				TargetAttributes = {
					1FFBA1B61FA3252600333239 = {
						CreatedOnToolsVersion = 9.0.1;
						ProvisioningStyle = Automatic;
					};
					1FFBA1CA1FA3252600333239 = {
						CreatedOnToolsVersion = 9.0.1;
						ProvisioningStyle = Automatic;
						TestTargetID = 1FFBA1B61FA3252600333239;
					};
					1FFBA1D51FA3252700333239 = {
						CreatedOnToolsVersion = 9.0.1;
						ProvisioningStyle = Automatic;
						TestTargetID = 1FFBA1B61FA3252600333239;
					};
				};
			};
			buildConfigurationList = 1FFBA1B21FA3252600333239 /* Build configuration list for PBXProject "Pokedex" */;
			compatibilityVersion = "Xcode 8.0";
			developmentRegion = en;
			hasScannedForEncodings = 0;
			knownRegions = (
				en,
				Base,
			);
			mainGroup = 1FFBA1AE1FA3252600333239;
			productRefGroup = 1FFBA1B81FA3252600333239 /* Products */;
			projectDirPath = "";
			projectRoot = "";
			targets = (
				1FFBA1B61FA3252600333239 /* Pokedex */,
				1FFBA1CA1FA3252600333239 /* PokedexTests */,
				1FFBA1D51FA3252700333239 /* PokedexUITests */,
			);
		};
/* End PBXProject section */

/* Begin PBXResourcesBuildPhase section */
		1FFBA1B51FA3252600333239 /* Resources */ = {
			isa = PBXResourcesBuildPhase;
			buildActionMask = 2147483647;
			files = (
				1FFBA1C51FA3252600333239 /* LaunchScreen.storyboard in Resources */,
				1FFBA1C21FA3252600333239 /* Assets.xcassets in Resources */,
				1FFBA1E91FA328B700333239 /* pokemon.csv in Resources */,
				1FFBA1C01FA3252600333239 /* Main.storyboard in Resources */,
			);
			runOnlyForDeploymentPostprocessing = 0;
		};
		1FFBA1C91FA3252600333239 /* Resources */ = {
			isa = PBXResourcesBuildPhase;
			buildActionMask = 2147483647;
			files = (
			);
			runOnlyForDeploymentPostprocessing = 0;
		};
		1FFBA1D41FA3252700333239 /* Resources */ = {
			isa = PBXResourcesBuildPhase;
			buildActionMask = 2147483647;
			files = (
			);
			runOnlyForDeploymentPostprocessing = 0;
		};
/* End PBXResourcesBuildPhase section */

/* Begin PBXSourcesBuildPhase section */
		1FFBA1B31FA3252600333239 /* Sources */ = {
			isa = PBXSourcesBuildPhase;
			buildActionMask = 2147483647;
			files = (
				1FFBA1BD1FA3252600333239 /* ViewController.swift in Sources */,
				1FFBA1BB1FA3252600333239 /* AppDelegate.swift in Sources */,
			);
			runOnlyForDeploymentPostprocessing = 0;
		};
		1FFBA1C71FA3252600333239 /* Sources */ = {
			isa = PBXSourcesBuildPhase;
			buildActionMask = 2147483647;
			files = (
				1FFBA1D01FA3252600333239 /* PokedexTests.swift in Sources */,
			);
			runOnlyForDeploymentPostprocessing = 0;
		};
		1FFBA1D21FA3252700333239 /* Sources */ = {
			isa = PBXSourcesBuildPhase;
			buildActionMask = 2147483647;
			files = (
				1FFBA1DB1FA3252700333239 /* PokedexUITests.swift in Sources */,
			);
			runOnlyForDeploymentPostprocessing = 0;
		};
/* End PBXSourcesBuildPhase section */

/* Begin PBXTargetDependency section */
		1FFBA1CD1FA3252600333239 /* PBXTargetDependency */ = {
			isa = PBXTargetDependency;
			target = 1FFBA1B61FA3252600333239 /* Pokedex */;
			targetProxy = 1FFBA1CC1FA3252600333239 /* PBXContainerItemProxy */;
		};
		1FFBA1D81FA3252700333239 /* PBXTargetDependency */ = {
			isa = PBXTargetDependency;
			target = 1FFBA1B61FA3252600333239 /* Pokedex */;
			targetProxy = 1FFBA1D71FA3252700333239 /* PBXContainerItemProxy */;
		};
/* End PBXTargetDependency section */

/* Begin PBXVariantGroup section */
		1FFBA1BE1FA3252600333239 /* Main.storyboard */ = {
			isa = PBXVariantGroup;
			children = (
				1FFBA1BF1FA3252600333239 /* Base */,
			);
			name = Main.storyboard;
			sourceTree = "<group>";
		};
		1FFBA1C31FA3252600333239 /* LaunchScreen.storyboard */ = {
			isa = PBXVariantGroup;
			children = (
				1FFBA1C41FA3252600333239 /* Base */,
			);
			name = LaunchScreen.storyboard;
			sourceTree = "<group>";
		};
/* End PBXVariantGroup section */

/* Begin XCBuildConfiguration section */
		1FFBA1DD1FA3252700333239 /* Debug */ = {
			isa = XCBuildConfiguration;
			buildSettings = {
				ALWAYS_SEARCH_USER_PATHS = NO;
				CLANG_ANALYZER_NONNULL = YES;
				CLANG_ANALYZER_NUMBER_OBJECT_CONVERSION = YES_AGGRESSIVE;
				CLANG_CXX_LANGUAGE_STANDARD = "gnu++14";
				CLANG_CXX_LIBRARY = "libc++";
				CLANG_ENABLE_MODULES = YES;
				CLANG_ENABLE_OBJC_ARC = YES;
				CLANG_WARN_BLOCK_CAPTURE_AUTORELEASING = YES;
				CLANG_WARN_BOOL_CONVERSION = YES;
				CLANG_WARN_COMMA = YES;
				CLANG_WARN_CONSTANT_CONVERSION = YES;
				CLANG_WARN_DIRECT_OBJC_ISA_USAGE = YES_ERROR;
				CLANG_WARN_DOCUMENTATION_COMMENTS = YES;
				CLANG_WARN_EMPTY_BODY = YES;
				CLANG_WARN_ENUM_CONVERSION = YES;
				CLANG_WARN_INFINITE_RECURSION = YES;
				CLANG_WARN_INT_CONVERSION = YES;
				CLANG_WARN_NON_LITERAL_NULL_CONVERSION = YES;
				CLANG_WARN_OBJC_LITERAL_CONVERSION = YES;
				CLANG_WARN_OBJC_ROOT_CLASS = YES_ERROR;
				CLANG_WARN_RANGE_LOOP_ANALYSIS = YES;
				CLANG_WARN_STRICT_PROTOTYPES = YES;
				CLANG_WARN_SUSPICIOUS_MOVE = YES;
				CLANG_WARN_UNGUARDED_AVAILABILITY = YES_AGGRESSIVE;
				CLANG_WARN_UNREACHABLE_CODE = YES;
				CLANG_WARN__DUPLICATE_METHOD_MATCH = YES;
				CODE_SIGN_IDENTITY = "iPhone Developer";
				COPY_PHASE_STRIP = NO;
				DEBUG_INFORMATION_FORMAT = dwarf;
				ENABLE_STRICT_OBJC_MSGSEND = YES;
				ENABLE_TESTABILITY = YES;
				GCC_C_LANGUAGE_STANDARD = gnu11;
				GCC_DYNAMIC_NO_PIC = NO;
				GCC_NO_COMMON_BLOCKS = YES;
				GCC_OPTIMIZATION_LEVEL = 0;
				GCC_PREPROCESSOR_DEFINITIONS = (
					"DEBUG=1",
					"$(inherited)",
				);
				GCC_WARN_64_TO_32_BIT_CONVERSION = YES;
				GCC_WARN_ABOUT_RETURN_TYPE = YES_ERROR;
				GCC_WARN_UNDECLARED_SELECTOR = YES;
				GCC_WARN_UNINITIALIZED_AUTOS = YES_AGGRESSIVE;
				GCC_WARN_UNUSED_FUNCTION = YES;
				GCC_WARN_UNUSED_VARIABLE = YES;
				IPHONEOS_DEPLOYMENT_TARGET = 11.0;
				MTL_ENABLE_DEBUG_INFO = YES;
				ONLY_ACTIVE_ARCH = YES;
				SDKROOT = iphoneos;
				SWIFT_ACTIVE_COMPILATION_CONDITIONS = DEBUG;
				SWIFT_OPTIMIZATION_LEVEL = "-Onone";
			};
			name = Debug;
		};
		1FFBA1DE1FA3252700333239 /* Release */ = {
			isa = XCBuildConfiguration;
			buildSettings = {
				ALWAYS_SEARCH_USER_PATHS = NO;
				CLANG_ANALYZER_NONNULL = YES;
				CLANG_ANALYZER_NUMBER_OBJECT_CONVERSION = YES_AGGRESSIVE;
				CLANG_CXX_LANGUAGE_STANDARD = "gnu++14";
				CLANG_CXX_LIBRARY = "libc++";
				CLANG_ENABLE_MODULES = YES;
				CLANG_ENABLE_OBJC_ARC = YES;
				CLANG_WARN_BLOCK_CAPTURE_AUTORELEASING = YES;
				CLANG_WARN_BOOL_CONVERSION = YES;
				CLANG_WARN_COMMA = YES;
				CLANG_WARN_CONSTANT_CONVERSION = YES;
				CLANG_WARN_DIRECT_OBJC_ISA_USAGE = YES_ERROR;
				CLANG_WARN_DOCUMENTATION_COMMENTS = YES;
				CLANG_WARN_EMPTY_BODY = YES;
				CLANG_WARN_ENUM_CONVERSION = YES;
				CLANG_WARN_INFINITE_RECURSION = YES;
				CLANG_WARN_INT_CONVERSION = YES;
				CLANG_WARN_NON_LITERAL_NULL_CONVERSION = YES;
				CLANG_WARN_OBJC_LITERAL_CONVERSION = YES;
				CLANG_WARN_OBJC_ROOT_CLASS = YES_ERROR;
				CLANG_WARN_RANGE_LOOP_ANALYSIS = YES;
				CLANG_WARN_STRICT_PROTOTYPES = YES;
				CLANG_WARN_SUSPICIOUS_MOVE = YES;
				CLANG_WARN_UNGUARDED_AVAILABILITY = YES_AGGRESSIVE;
				CLANG_WARN_UNREACHABLE_CODE = YES;
				CLANG_WARN__DUPLICATE_METHOD_MATCH = YES;
				CODE_SIGN_IDENTITY = "iPhone Developer";
				COPY_PHASE_STRIP = NO;
				DEBUG_INFORMATION_FORMAT = "dwarf-with-dsym";
				ENABLE_NS_ASSERTIONS = NO;
				ENABLE_STRICT_OBJC_MSGSEND = YES;
				GCC_C_LANGUAGE_STANDARD = gnu11;
				GCC_NO_COMMON_BLOCKS = YES;
				GCC_WARN_64_TO_32_BIT_CONVERSION = YES;
				GCC_WARN_ABOUT_RETURN_TYPE = YES_ERROR;
				GCC_WARN_UNDECLARED_SELECTOR = YES;
				GCC_WARN_UNINITIALIZED_AUTOS = YES_AGGRESSIVE;
				GCC_WARN_UNUSED_FUNCTION = YES;
				GCC_WARN_UNUSED_VARIABLE = YES;
				IPHONEOS_DEPLOYMENT_TARGET = 11.0;
				MTL_ENABLE_DEBUG_INFO = NO;
				SDKROOT = iphoneos;
				SWIFT_OPTIMIZATION_LEVEL = "-Owholemodule";
				VALIDATE_PRODUCT = YES;
			};
			name = Release;
		};
		1FFBA1E01FA3252700333239 /* Debug */ = {
			isa = XCBuildConfiguration;
			buildSettings = {
				ASSETCATALOG_COMPILER_APPICON_NAME = AppIcon;
				CODE_SIGN_STYLE = Automatic;
				DEVELOPMENT_TEAM = XMP2P4CSZ3;
				INFOPLIST_FILE = Pokedex/Info.plist;
				LD_RUNPATH_SEARCH_PATHS = "$(inherited) @executable_path/Frameworks";
				PRODUCT_BUNDLE_IDENTIFIER = ErikVardanyan.Pokedex;
				PRODUCT_NAME = "$(TARGET_NAME)";
				SWIFT_VERSION = 4.0;
				TARGETED_DEVICE_FAMILY = "1,2";
			};
			name = Debug;
		};
		1FFBA1E11FA3252700333239 /* Release */ = {
			isa = XCBuildConfiguration;
			buildSettings = {
				ASSETCATALOG_COMPILER_APPICON_NAME = AppIcon;
				CODE_SIGN_STYLE = Automatic;
				DEVELOPMENT_TEAM = XMP2P4CSZ3;
				INFOPLIST_FILE = Pokedex/Info.plist;
				LD_RUNPATH_SEARCH_PATHS = "$(inherited) @executable_path/Frameworks";
				PRODUCT_BUNDLE_IDENTIFIER = ErikVardanyan.Pokedex;
				PRODUCT_NAME = "$(TARGET_NAME)";
				SWIFT_VERSION = 4.0;
				TARGETED_DEVICE_FAMILY = "1,2";
			};
			name = Release;
		};
		1FFBA1E31FA3252700333239 /* Debug */ = {
			isa = XCBuildConfiguration;
			buildSettings = {
				ALWAYS_EMBED_SWIFT_STANDARD_LIBRARIES = YES;
				BUNDLE_LOADER = "$(TEST_HOST)";
				CODE_SIGN_STYLE = Automatic;
				DEVELOPMENT_TEAM = XMP2P4CSZ3;
				INFOPLIST_FILE = PokedexTests/Info.plist;
				LD_RUNPATH_SEARCH_PATHS = "$(inherited) @executable_path/Frameworks @loader_path/Frameworks";
				PRODUCT_BUNDLE_IDENTIFIER = ErikVardanyan.PokedexTests;
				PRODUCT_NAME = "$(TARGET_NAME)";
				SWIFT_VERSION = 4.0;
				TARGETED_DEVICE_FAMILY = "1,2";
				TEST_HOST = "$(BUILT_PRODUCTS_DIR)/Pokedex.app/Pokedex";
			};
			name = Debug;
		};
		1FFBA1E41FA3252700333239 /* Release */ = {
			isa = XCBuildConfiguration;
			buildSettings = {
				ALWAYS_EMBED_SWIFT_STANDARD_LIBRARIES = YES;
				BUNDLE_LOADER = "$(TEST_HOST)";
				CODE_SIGN_STYLE = Automatic;
				DEVELOPMENT_TEAM = XMP2P4CSZ3;
				INFOPLIST_FILE = PokedexTests/Info.plist;
				LD_RUNPATH_SEARCH_PATHS = "$(inherited) @executable_path/Frameworks @loader_path/Frameworks";
				PRODUCT_BUNDLE_IDENTIFIER = ErikVardanyan.PokedexTests;
				PRODUCT_NAME = "$(TARGET_NAME)";
				SWIFT_VERSION = 4.0;
				TARGETED_DEVICE_FAMILY = "1,2";
				TEST_HOST = "$(BUILT_PRODUCTS_DIR)/Pokedex.app/Pokedex";
			};
			name = Release;
		};
		1FFBA1E61FA3252700333239 /* Debug */ = {
			isa = XCBuildConfiguration;
			buildSettings = {
				ALWAYS_EMBED_SWIFT_STANDARD_LIBRARIES = YES;
				CODE_SIGN_STYLE = Automatic;
				DEVELOPMENT_TEAM = XMP2P4CSZ3;
				INFOPLIST_FILE = PokedexUITests/Info.plist;
				LD_RUNPATH_SEARCH_PATHS = "$(inherited) @executable_path/Frameworks @loader_path/Frameworks";
				PRODUCT_BUNDLE_IDENTIFIER = ErikVardanyan.PokedexUITests;
				PRODUCT_NAME = "$(TARGET_NAME)";
				SWIFT_VERSION = 4.0;
				TARGETED_DEVICE_FAMILY = "1,2";
				TEST_TARGET_NAME = Pokedex;
			};
			name = Debug;
		};
		1FFBA1E71FA3252700333239 /* Release */ = {
			isa = XCBuildConfiguration;
			buildSettings = {
				ALWAYS_EMBED_SWIFT_STANDARD_LIBRARIES = YES;
				CODE_SIGN_STYLE = Automatic;
				DEVELOPMENT_TEAM = XMP2P4CSZ3;
				INFOPLIST_FILE = PokedexUITests/Info.plist;
				LD_RUNPATH_SEARCH_PATHS = "$(inherited) @executable_path/Frameworks @loader_path/Frameworks";
				PRODUCT_BUNDLE_IDENTIFIER = ErikVardanyan.PokedexUITests;
				PRODUCT_NAME = "$(TARGET_NAME)";
				SWIFT_VERSION = 4.0;
				TARGETED_DEVICE_FAMILY = "1,2";
				TEST_TARGET_NAME = Pokedex;
			};
			name = Release;
		};
/* End XCBuildConfiguration section */

/* Begin XCConfigurationList section */
		1FFBA1B21FA3252600333239 /* Build configuration list for PBXProject "Pokedex" */ = {
			isa = XCConfigurationList;
			buildConfigurations = (
				1FFBA1DD1FA3252700333239 /* Debug */,
				1FFBA1DE1FA3252700333239 /* Release */,
			);
			defaultConfigurationIsVisible = 0;
			defaultConfigurationName = Release;
		};
		1FFBA1DF1FA3252700333239 /* Build configuration list for PBXNativeTarget "Pokedex" */ = {
			isa = XCConfigurationList;
			buildConfigurations = (
				1FFBA1E01FA3252700333239 /* Debug */,
				1FFBA1E11FA3252700333239 /* Release */,
			);
			defaultConfigurationIsVisible = 0;
			defaultConfigurationName = Release;
		};
		1FFBA1E21FA3252700333239 /* Build configuration list for PBXNativeTarget "PokedexTests" */ = {
			isa = XCConfigurationList;
			buildConfigurations = (
				1FFBA1E31FA3252700333239 /* Debug */,
				1FFBA1E41FA3252700333239 /* Release */,
			);
			defaultConfigurationIsVisible = 0;
			defaultConfigurationName = Release;
		};
		1FFBA1E51FA3252700333239 /* Build configuration list for PBXNativeTarget "PokedexUITests" */ = {
			isa = XCConfigurationList;
			buildConfigurations = (
				1FFBA1E61FA3252700333239 /* Debug */,
				1FFBA1E71FA3252700333239 /* Release */,
			);
			defaultConfigurationIsVisible = 0;
			defaultConfigurationName = Release;
		};
/* End XCConfigurationList section */
	};
	rootObject = 1FFBA1AF1FA3252600333239 /* Project object */;
}
